
Microsoft Visual Studio Solution File, Format Version 12.00
# Visual Studio Version 17
VisualStudioVersion = 17.1.32328.378
MinimumVisualStudioVersion = 10.0.40219.1
Project("{FAE04EC0-301F-11D3-BF4B-00C04F79EFBC}") = "RedisDemo", "RedisDemo\RedisDemo.csproj", "{DCB2A7C2-93E9-4773-A0D4-C20C256C30EE}"
EndProject
Global
	GlobalSection(SolutionConfigurationPlatforms) = preSolution
		Debug|Any CPU = Debug|Any CPU
		Release|Any CPU = Release|Any CPU
	EndGlobalSection
	GlobalSection(ProjectConfigurationPlatforms) = postSolution
		{DCB2A7C2-93E9-4773-A0D4-C20C256C30EE}.Debug|Any CPU.ActiveCfg = Debug|Any CPU
		{DCB2A7C2-93E9-4773-A0D4-C20C256C30EE}.Debug|Any CPU.Build.0 = Debug|Any CPU
		{DCB2A7C2-93E9-4773-A0D4-C20C256C30EE}.Release|Any CPU.ActiveCfg = Release|Any CPU
		{DCB2A7C2-93E9-4773-A0D4-C20C256C30EE}.Release|Any CPU.Build.0 = Release|Any CPU
	EndGlobalSection
	GlobalSection(SolutionProperties) = preSolution
		HideSolutionNode = FALSE
	EndGlobalSection
	GlobalSection(ExtensibilityGlobals) = postSolution
		SolutionGuid = {BBAFEB77-FCFE-4345-B3A1-1E44D7D9E3A8}
	EndGlobalSection
EndGlobal
